// !$*UTF8*$!
{
	archiveVersion = 1;
	classes = {
	};
	objectVersion = 77;
	objects = {

/* Begin PBXContainerItemProxy section */
		81B643AB2EE8D64500E063A3 /* PBXContainerItemProxy */ = {
			isa = PBXContainerItemProxy;
			containerPortal = 81B643952EE8D64400E063A3 /* Project object */;
			proxyType = 1;
			remoteGlobalIDString = 81B6439C2EE8D64400E063A3;
			remoteInfo = CmdTabType;
		};
		81B643B52EE8D64500E063A3 /* PBXContainerItemProxy */ = {
			isa = PBXContainerItemProxy;
			containerPortal = 81B643952EE8D64400E063A3 /* Project object */;
			proxyType = 1;
			remoteGlobalIDString = 81B6439C2EE8D64400E063A3;
			remoteInfo = CmdTabType;
		};
/* End PBXContainerItemProxy section */

/* Begin PBXFileReference section */
		81B6439D2EE8D64400E063A3 /* CmdTabType.app */ = {isa = PBXFileReference; explicitFileType = wrapper.application; includeInIndex = 0; path = CmdTabType.app; sourceTree = BUILT_PRODUCTS_DIR; };
		81B643AA2EE8D64500E063A3 /* CmdTabTypeTests.xctest */ = {isa = PBXFileReference; explicitFileType = wrapper.cfbundle; includeInIndex = 0; path = CmdTabTypeTests.xctest; sourceTree = BUILT_PRODUCTS_DIR; };
		81B643B42EE8D64500E063A3 /* CmdTabTypeUITests.xctest */ = {isa = PBXFileReference; explicitFileType = wrapper.cfbundle; includeInIndex = 0; path = CmdTabTypeUITests.xctest; sourceTree = BUILT_PRODUCTS_DIR; };
/* End PBXFileReference section */

/* Begin PBXFileSystemSynchronizedRootGroup section */
		81B6439F2EE8D64400E063A3 /* CmdTabType */ = {
			isa = PBXFileSystemSynchronizedRootGroup;
			path = CmdTabType;
			sourceTree = "<group>";
		};
		81B643AD2EE8D64500E063A3 /* CmdTabTypeTests */ = {
			isa = PBXFileSystemSynchronizedRootGroup;
			path = CmdTabTypeTests;
			sourceTree = "<group>";
		};
		81B643B72EE8D64500E063A3 /* CmdTabTypeUITests */ = {
			isa = PBXFileSystemSynchronizedRootGroup;
			path = CmdTabTypeUITests;
			sourceTree = "<group>";
		};
/* End PBXFileSystemSynchronizedRootGroup section */

/* Begin PBXFrameworksBuildPhase section */
		81B6439A2EE8D64400E063A3 /* Frameworks */ = {
			isa = PBXFrameworksBuildPhase;
			buildActionMask = 2147483647;
			files = (
			);
			runOnlyForDeploymentPostprocessing = 0;
		};
		81B643A72EE8D64500E063A3 /* Frameworks */ = {
			isa = PBXFrameworksBuildPhase;
			buildActionMask = 2147483647;
			files = (
			);
			runOnlyForDeploymentPostprocessing = 0;
		};
		81B643B12EE8D64500E063A3 /* Frameworks */ = {
			isa = PBXFrameworksBuildPhase;
			buildActionMask = 2147483647;
			files = (
			);
			runOnlyForDeploymentPostprocessing = 0;
		};
/* End PBXFrameworksBuildPhase section */

/* Begin PBXGroup section */
		81B643942EE8D64400E063A3 = {
			isa = PBXGroup;
			children = (
				81B6439F2EE8D64400E063A3 /* CmdTabType */,
				81B643AD2EE8D64500E063A3 /* CmdTabTypeTests */,
				81B643B72EE8D64500E063A3 /* CmdTabTypeUITests */,
				81B6439E2EE8D64400E063A3 /* Products */,
			);
			sourceTree = "<group>";
		};
		81B6439E2EE8D64400E063A3 /* Products */ = {
			isa = PBXGroup;
			children = (
				81B6439D2EE8D64400E063A3 /* CmdTabType.app */,
				81B643AA2EE8D64500E063A3 /* CmdTabTypeTests.xctest */,
				81B643B42EE8D64500E063A3 /* CmdTabTypeUITests.xctest */,
			);
			name = Products;
			sourceTree = "<group>";
		};
/* End PBXGroup section */

/* Begin PBXNativeTarget section */
		81B6439C2EE8D64400E063A3 /* CmdTabType */ = {
			isa = PBXNativeTarget;
			buildConfigurationList = 81B643BE2EE8D64500E063A3 /* Build configuration list for PBXNativeTarget "CmdTabType" */;
			buildPhases = (
				81B643992EE8D64400E063A3 /* Sources */,
				81B6439A2EE8D64400E063A3 /* Frameworks */,
				81B6439B2EE8D64400E063A3 /* Resources */,
			);
			buildRules = (
			);
			dependencies = (
			);
			fileSystemSynchronizedGroups = (
				81B6439F2EE8D64400E063A3 /* CmdTabType */,
			);
			name = CmdTabType;
			packageProductDependencies = (
			);
			productName = CmdTabType;
			productReference = 81B6439D2EE8D64400E063A3 /* CmdTabType.app */;
			productType = "com.apple.product-type.application";
		};
		81B643A92EE8D64500E063A3 /* CmdTabTypeTests */ = {
			isa = PBXNativeTarget;
			buildConfigurationList = 81B643C12EE8D64500E063A3 /* Build configuration list for PBXNativeTarget "CmdTabTypeTests" */;
			buildPhases = (
				81B643A62EE8D64500E063A3 /* Sources */,
				81B643A72EE8D64500E063A3 /* Frameworks */,
				81B643A82EE8D64500E063A3 /* Resources */,
			);
			buildRules = (
			);
			dependencies = (
				81B643AC2EE8D64500E063A3 /* PBXTargetDependency */,
			);
			fileSystemSynchronizedGroups = (
				81B643AD2EE8D64500E063A3 /* CmdTabTypeTests */,
			);
			name = CmdTabTypeTests;
			packageProductDependencies = (
			);
			productName = CmdTabTypeTests;
			productReference = 81B643AA2EE8D64500E063A3 /* CmdTabTypeTests.xctest */;
			productType = "com.apple.product-type.bundle.unit-test";
		};
		81B643B32EE8D64500E063A3 /* CmdTabTypeUITests */ = {
			isa = PBXNativeTarget;
			buildConfigurationList = 81B643C42EE8D64500E063A3 /* Build configuration list for PBXNativeTarget "CmdTabTypeUITests" */;
			buildPhases = (
				81B643B02EE8D64500E063A3 /* Sources */,
				81B643B12EE8D64500E063A3 /* Frameworks */,
				81B643B22EE8D64500E063A3 /* Resources */,
			);
			buildRules = (
			);
			dependencies = (
				81B643B62EE8D64500E063A3 /* PBXTargetDependency */,
			);
			fileSystemSynchronizedGroups = (
				81B643B72EE8D64500E063A3 /* CmdTabTypeUITests */,
			);
			name = CmdTabTypeUITests;
			packageProductDependencies = (
			);
			productName = CmdTabTypeUITests;
			productReference = 81B643B42EE8D64500E063A3 /* CmdTabTypeUITests.xctest */;
			productType = "com.apple.product-type.bundle.ui-testing";
		};
/* End PBXNativeTarget section */

/* Begin PBXProject section */
		81B643952EE8D64400E063A3 /* Project object */ = {
			isa = PBXProject;
			attributes = {
				BuildIndependentTargetsInParallel = 1;
				LastSwiftUpdateCheck = 2610;
				LastUpgradeCheck = 2610;
				TargetAttributes = {
					81B6439C2EE8D64400E063A3 = {
						CreatedOnToolsVersion = 26.1.1;
					};
					81B643A92EE8D64500E063A3 = {
						CreatedOnToolsVersion = 26.1.1;
						TestTargetID = 81B6439C2EE8D64400E063A3;
					};
					81B643B32EE8D64500E063A3 = {
						CreatedOnToolsVersion = 26.1.1;
						TestTargetID = 81B6439C2EE8D64400E063A3;
					};
				};
			};
			buildConfigurationList = 81B643982EE8D64400E063A3 /* Build configuration list for PBXProject "CmdTabType" */;
			developmentRegion = en;
			hasScannedForEncodings = 0;
			knownRegions = (
				en,
				Base,
			);
			mainGroup = 81B643942EE8D64400E063A3;
			minimizedProjectReferenceProxies = 1;
			preferredProjectObjectVersion = 77;
			productRefGroup = 81B6439E2EE8D64400E063A3 /* Products */;
			projectDirPath = "";
			projectRoot = "";
			targets = (
				81B6439C2EE8D64400E063A3 /* CmdTabType */,
				81B643A92EE8D64500E063A3 /* CmdTabTypeTests */,
				81B643B32EE8D64500E063A3 /* CmdTabTypeUITests */,
			);
		};
/* End PBXProject section */

/* Begin PBXResourcesBuildPhase section */
		81B6439B2EE8D64400E063A3 /* Resources */ = {
			isa = PBXResourcesBuildPhase;
			buildActionMask = 2147483647;
			files = (
			);
			runOnlyForDeploymentPostprocessing = 0;
		};
		81B643A82EE8D64500E063A3 /* Resources */ = {
			isa = PBXResourcesBuildPhase;
			buildActionMask = 2147483647;
			files = (
			);
			runOnlyForDeploymentPostprocessing = 0;
		};
		81B643B22EE8D64500E063A3 /* Resources */ = {
			isa = PBXResourcesBuildPhase;
			buildActionMask = 2147483647;
			files = (
			);
			runOnlyForDeploymentPostprocessing = 0;
		};
/* End PBXResourcesBuildPhase section */

/* Begin PBXSourcesBuildPhase section */
		81B643992EE8D64400E063A3 /* Sources */ = {
			isa = PBXSourcesBuildPhase;
			buildActionMask = 2147483647;
			files = (
			);
			runOnlyForDeploymentPostprocessing = 0;
		};
		81B643A62EE8D64500E063A3 /* Sources */ = {
			isa = PBXSourcesBuildPhase;
			buildActionMask = 2147483647;
			files = (
			);
			runOnlyForDeploymentPostprocessing = 0;
		};
		81B643B02EE8D64500E063A3 /* Sources */ = {
			isa = PBXSourcesBuildPhase;
			buildActionMask = 2147483647;
			files = (
			);
			runOnlyForDeploymentPostprocessing = 0;
		};
/* End PBXSourcesBuildPhase section */

/* Begin PBXTargetDependency section */
		81B643AC2EE8D64500E063A3 /* PBXTargetDependency */ = {
			isa = PBXTargetDependency;
			target = 81B6439C2EE8D64400E063A3 /* CmdTabType */;
			targetProxy = 81B643AB2EE8D64500E063A3 /* PBXContainerItemProxy */;
		};
		81B643B62EE8D64500E063A3 /* PBXTargetDependency */ = {
			isa = PBXTargetDependency;
			target = 81B6439C2EE8D64400E063A3 /* CmdTabType */;
			targetProxy = 81B643B52EE8D64500E063A3 /* PBXContainerItemProxy */;
		};
/* End PBXTargetDependency section */

/* Begin XCBuildConfiguration section */
		81B643BC2EE8D64500E063A3 /* Debug */ = {
			isa = XCBuildConfiguration;
			buildSettings = {
				ALWAYS_SEARCH_USER_PATHS = NO;
				ASSETCATALOG_COMPILER_GENERATE_SWIFT_ASSET_SYMBOL_EXTENSIONS = YES;
				CLANG_ANALYZER_NONNULL = YES;
				CLANG_ANALYZER_NUMBER_OBJECT_CONVERSION = YES_AGGRESSIVE;
				CLANG_CXX_LANGUAGE_STANDARD = "gnu++20";
				CLANG_ENABLE_MODULES = YES;
				CLANG_ENABLE_OBJC_ARC = YES;
				CLANG_ENABLE_OBJC_WEAK = YES;
				CLANG_WARN_BLOCK_CAPTURE_AUTORELEASING = YES;
				CLANG_WARN_BOOL_CONVERSION = YES;
				CLANG_WARN_COMMA = YES;
				CLANG_WARN_CONSTANT_CONVERSION = YES;
				CLANG_WARN_DEPRECATED_OBJC_IMPLEMENTATIONS = YES;
				CLANG_WARN_DIRECT_OBJC_ISA_USAGE = YES_ERROR;
				CLANG_WARN_DOCUMENTATION_COMMENTS = YES;
				CLANG_WARN_EMPTY_BODY = YES;
				CLANG_WARN_ENUM_CONVERSION = YES;
				CLANG_WARN_INFINITE_RECURSION = YES;
				CLANG_WARN_INT_CONVERSION = YES;
				CLANG_WARN_NON_LITERAL_NULL_CONVERSION = YES;
				CLANG_WARN_OBJC_IMPLICIT_RETAIN_SELF = YES;
				CLANG_WARN_OBJC_LITERAL_CONVERSION = YES;
				CLANG_WARN_OBJC_ROOT_CLASS = YES_ERROR;
				CLANG_WARN_QUOTED_INCLUDE_IN_FRAMEWORK_HEADER = YES;
				CLANG_WARN_RANGE_LOOP_ANALYSIS = YES;
				CLANG_WARN_STRICT_PROTOTYPES = YES;
				CLANG_WARN_SUSPICIOUS_MOVE = YES;
				CLANG_WARN_UNGUARDED_AVAILABILITY = YES_AGGRESSIVE;
				CLANG_WARN_UNREACHABLE_CODE = YES;
				CLANG_WARN__DUPLICATE_METHOD_MATCH = YES;
				COPY_PHASE_STRIP = NO;
				DEBUG_INFORMATION_FORMAT = dwarf;
				DEVELOPMENT_TEAM = 56V9297Y47;
				ENABLE_STRICT_OBJC_MSGSEND = YES;
				ENABLE_TESTABILITY = YES;
				ENABLE_USER_SCRIPT_SANDBOXING = YES;
				GCC_C_LANGUAGE_STANDARD = gnu17;
				GCC_DYNAMIC_NO_PIC = NO;
				GCC_NO_COMMON_BLOCKS = YES;
				GCC_OPTIMIZATION_LEVEL = 0;
				GCC_PREPROCESSOR_DEFINITIONS = (
					"DEBUG=1",
					"$(inherited)",
				);
				GCC_WARN_64_TO_32_BIT_CONVERSION = YES;
				GCC_WARN_ABOUT_RETURN_TYPE = YES_ERROR;
				GCC_WARN_UNDECLARED_SELECTOR = YES;
				GCC_WARN_UNINITIALIZED_AUTOS = YES_AGGRESSIVE;
				GCC_WARN_UNUSED_FUNCTION = YES;
				GCC_WARN_UNUSED_VARIABLE = YES;
				LOCALIZATION_PREFERS_STRING_CATALOGS = YES;
				MACOSX_DEPLOYMENT_TARGET = 15.6;
				MTL_ENABLE_DEBUG_INFO = INCLUDE_SOURCE;
				MTL_FAST_MATH = YES;
				ONLY_ACTIVE_ARCH = YES;
				SDKROOT = macosx;
				SWIFT_ACTIVE_COMPILATION_CONDITIONS = "DEBUG $(inherited)";
				SWIFT_OPTIMIZATION_LEVEL = "-Onone";
			};
			name = Debug;
		};
		81B643BD2EE8D64500E063A3 /* Release */ = {
			isa = XCBuildConfiguration;
			buildSettings = {
				ALWAYS_SEARCH_USER_PATHS = NO;
				ASSETCATALOG_COMPILER_GENERATE_SWIFT_ASSET_SYMBOL_EXTENSIONS = YES;
				CLANG_ANALYZER_NONNULL = YES;
				CLANG_ANALYZER_NUMBER_OBJECT_CONVERSION = YES_AGGRESSIVE;
				CLANG_CXX_LANGUAGE_STANDARD = "gnu++20";
				CLANG_ENABLE_MODULES = YES;
				CLANG_ENABLE_OBJC_ARC = YES;
				CLANG_ENABLE_OBJC_WEAK = YES;
				CLANG_WARN_BLOCK_CAPTURE_AUTORELEASING = YES;
				CLANG_WARN_BOOL_CONVERSION = YES;
				CLANG_WARN_COMMA = YES;
				CLANG_WARN_CONSTANT_CONVERSION = YES;
				CLANG_WARN_DEPRECATED_OBJC_IMPLEMENTATIONS = YES;
				CLANG_WARN_DIRECT_OBJC_ISA_USAGE = YES_ERROR;
				CLANG_WARN_DOCUMENTATION_COMMENTS = YES;
				CLANG_WARN_EMPTY_BODY = YES;
				CLANG_WARN_ENUM_CONVERSION = YES;
				CLANG_WARN_INFINITE_RECURSION = YES;
				CLANG_WARN_INT_CONVERSION = YES;
				CLANG_WARN_NON_LITERAL_NULL_CONVERSION = YES;
				CLANG_WARN_OBJC_IMPLICIT_RETAIN_SELF = YES;
				CLANG_WARN_OBJC_LITERAL_CONVERSION = YES;
				CLANG_WARN_OBJC_ROOT_CLASS = YES_ERROR;
				CLANG_WARN_QUOTED_INCLUDE_IN_FRAMEWORK_HEADER = YES;
				CLANG_WARN_RANGE_LOOP_ANALYSIS = YES;
				CLANG_WARN_STRICT_PROTOTYPES = YES;
				CLANG_WARN_SUSPICIOUS_MOVE = YES;
				CLANG_WARN_UNGUARDED_AVAILABILITY = YES_AGGRESSIVE;
				CLANG_WARN_UNREACHABLE_CODE = YES;
				CLANG_WARN__DUPLICATE_METHOD_MATCH = YES;
				COPY_PHASE_STRIP = NO;
				DEBUG_INFORMATION_FORMAT = "dwarf-with-dsym";
				DEVELOPMENT_TEAM = 56V9297Y47;
				ENABLE_NS_ASSERTIONS = NO;
				ENABLE_STRICT_OBJC_MSGSEND = YES;
				ENABLE_USER_SCRIPT_SANDBOXING = YES;
				GCC_C_LANGUAGE_STANDARD = gnu17;
				GCC_NO_COMMON_BLOCKS = YES;
				GCC_WARN_64_TO_32_BIT_CONVERSION = YES;
				GCC_WARN_ABOUT_RETURN_TYPE = YES_ERROR;
				GCC_WARN_UNDECLARED_SELECTOR = YES;
				GCC_WARN_UNINITIALIZED_AUTOS = YES_AGGRESSIVE;
				GCC_WARN_UNUSED_FUNCTION = YES;
				GCC_WARN_UNUSED_VARIABLE = YES;
				LOCALIZATION_PREFERS_STRING_CATALOGS = YES;
				MACOSX_DEPLOYMENT_TARGET = 15.6;
				MTL_ENABLE_DEBUG_INFO = NO;
				MTL_FAST_MATH = YES;
				SDKROOT = macosx;
				SWIFT_COMPILATION_MODE = wholemodule;
			};
			name = Release;
		};
		81B643BF2EE8D64500E063A3 /* Debug */ = {
			isa = XCBuildConfiguration;
			buildSettings = {
				ASSETCATALOG_COMPILER_APPICON_NAME = AppIcon;
				ASSETCATALOG_COMPILER_GLOBAL_ACCENT_COLOR_NAME = AccentColor;
				CODE_SIGN_STYLE = Automatic;
				COMBINE_HIDPI_IMAGES = YES;
				CURRENT_PROJECT_VERSION = 1;
				DEVELOPMENT_TEAM = 56V9297Y47;
				ENABLE_APP_SANDBOX = YES;
				ENABLE_HARDENED_RUNTIME = YES;
				ENABLE_PREVIEWS = YES;
				ENABLE_USER_SELECTED_FILES = readonly;
				GENERATE_INFOPLIST_FILE = YES;
				INFOPLIST_KEY_NSHumanReadableCopyright = "";
				LD_RUNPATH_SEARCH_PATHS = (
					"$(inherited)",
					"@executable_path/../Frameworks",
				);
				MARKETING_VERSION = 1.0;
				PRODUCT_BUNDLE_IDENTIFIER = com.mcnutty.CmdTabType;
				PRODUCT_NAME = "$(TARGET_NAME)";
				REGISTER_APP_GROUPS = YES;
				STRING_CATALOG_GENERATE_SYMBOLS = YES;
				SWIFT_APPROACHABLE_CONCURRENCY = YES;
				SWIFT_DEFAULT_ACTOR_ISOLATION = MainActor;
				SWIFT_EMIT_LOC_STRINGS = YES;
				SWIFT_UPCOMING_FEATURE_MEMBER_IMPORT_VISIBILITY = YES;
				SWIFT_VERSION = 5.0;
			};
			name = Debug;
		};
		81B643C02EE8D64500E063A3 /* Release */ = {
			isa = XCBuildConfiguration;
			buildSettings = {
				ASSETCATALOG_COMPILER_APPICON_NAME = AppIcon;
				ASSETCATALOG_COMPILER_GLOBAL_ACCENT_COLOR_NAME = AccentColor;
				CODE_SIGN_STYLE = Automatic;
				COMBINE_HIDPI_IMAGES = YES;
				CURRENT_PROJECT_VERSION = 1;
				DEVELOPMENT_TEAM = 56V9297Y47;
				ENABLE_APP_SANDBOX = YES;
				ENABLE_HARDENED_RUNTIME = YES;
				ENABLE_PREVIEWS = YES;
				ENABLE_USER_SELECTED_FILES = readonly;
				GENERATE_INFOPLIST_FILE = YES;
				INFOPLIST_KEY_NSHumanReadableCopyright = "";
				LD_RUNPATH_SEARCH_PATHS = (
					"$(inherited)",
					"@executable_path/../Frameworks",
				);
				MARKETING_VERSION = 1.0;
				PRODUCT_BUNDLE_IDENTIFIER = com.mcnutty.CmdTabType;
				PRODUCT_NAME = "$(TARGET_NAME)";
				REGISTER_APP_GROUPS = YES;
				STRING_CATALOG_GENERATE_SYMBOLS = YES;
				SWIFT_APPROACHABLE_CONCURRENCY = YES;
				SWIFT_DEFAULT_ACTOR_ISOLATION = MainActor;
				SWIFT_EMIT_LOC_STRINGS = YES;
				SWIFT_UPCOMING_FEATURE_MEMBER_IMPORT_VISIBILITY = YES;
				SWIFT_VERSION = 5.0;
			};
			name = Release;
		};
		81B643C22EE8D64500E063A3 /* Debug */ = {
			isa = XCBuildConfiguration;
			buildSettings = {
				BUNDLE_LOADER = "$(TEST_HOST)";
				CODE_SIGN_STYLE = Automatic;
				CURRENT_PROJECT_VERSION = 1;
				DEVELOPMENT_TEAM = 56V9297Y47;
				GENERATE_INFOPLIST_FILE = YES;
				MACOSX_DEPLOYMENT_TARGET = 15.6;
				MARKETING_VERSION = 1.0;
				PRODUCT_BUNDLE_IDENTIFIER = com.mcnutty.CmdTabTypeTests;
				PRODUCT_NAME = "$(TARGET_NAME)";
				STRING_CATALOG_GENERATE_SYMBOLS = NO;
				SWIFT_APPROACHABLE_CONCURRENCY = YES;
				SWIFT_EMIT_LOC_STRINGS = NO;
				SWIFT_UPCOMING_FEATURE_MEMBER_IMPORT_VISIBILITY = YES;
				SWIFT_VERSION = 5.0;
				TEST_HOST = "$(BUILT_PRODUCTS_DIR)/CmdTabType.app/$(BUNDLE_EXECUTABLE_FOLDER_PATH)/CmdTabType";
			};
			name = Debug;
		};
		81B643C32EE8D64500E063A3 /* Release */ = {
			isa = XCBuildConfiguration;
			buildSettings = {
				BUNDLE_LOADER = "$(TEST_HOST)";
				CODE_SIGN_STYLE = Automatic;
				CURRENT_PROJECT_VERSION = 1;
				DEVELOPMENT_TEAM = 56V9297Y47;
				GENERATE_INFOPLIST_FILE = YES;
				MACOSX_DEPLOYMENT_TARGET = 15.6;
				MARKETING_VERSION = 1.0;
				PRODUCT_BUNDLE_IDENTIFIER = com.mcnutty.CmdTabTypeTests;
				PRODUCT_NAME = "$(TARGET_NAME)";
				STRING_CATALOG_GENERATE_SYMBOLS = NO;
				SWIFT_APPROACHABLE_CONCURRENCY = YES;
				SWIFT_EMIT_LOC_STRINGS = NO;
				SWIFT_UPCOMING_FEATURE_MEMBER_IMPORT_VISIBILITY = YES;
				SWIFT_VERSION = 5.0;
				TEST_HOST = "$(BUILT_PRODUCTS_DIR)/CmdTabType.app/$(BUNDLE_EXECUTABLE_FOLDER_PATH)/CmdTabType";
			};
			name = Release;
		};
		81B643C52EE8D64500E063A3 /* Debug */ = {
			isa = XCBuildConfiguration;
			buildSettings = {
				CODE_SIGN_STYLE = Automatic;
				CURRENT_PROJECT_VERSION = 1;
				DEVELOPMENT_TEAM = 56V9297Y47;
				GENERATE_INFOPLIST_FILE = YES;
				MARKETING_VERSION = 1.0;
				PRODUCT_BUNDLE_IDENTIFIER = com.mcnutty.CmdTabTypeUITests;
				PRODUCT_NAME = "$(TARGET_NAME)";
				STRING_CATALOG_GENERATE_SYMBOLS = NO;
				SWIFT_APPROACHABLE_CONCURRENCY = YES;
				SWIFT_EMIT_LOC_STRINGS = NO;
				SWIFT_UPCOMING_FEATURE_MEMBER_IMPORT_VISIBILITY = YES;
				SWIFT_VERSION = 5.0;
				TEST_TARGET_NAME = CmdTabType;
			};
			name = Debug;
		};
		81B643C62EE8D64500E063A3 /* Release */ = {
			isa = XCBuildConfiguration;
			buildSettings = {
				CODE_SIGN_STYLE = Automatic;
				CURRENT_PROJECT_VERSION = 1;
				DEVELOPMENT_TEAM = 56V9297Y47;
				GENERATE_INFOPLIST_FILE = YES;
				MARKETING_VERSION = 1.0;
				PRODUCT_BUNDLE_IDENTIFIER = com.mcnutty.CmdTabTypeUITests;
				PRODUCT_NAME = "$(TARGET_NAME)";
				STRING_CATALOG_GENERATE_SYMBOLS = NO;
				SWIFT_APPROACHABLE_CONCURRENCY = YES;
				SWIFT_EMIT_LOC_STRINGS = NO;
				SWIFT_UPCOMING_FEATURE_MEMBER_IMPORT_VISIBILITY = YES;
				SWIFT_VERSION = 5.0;
				TEST_TARGET_NAME = CmdTabType;
			};
			name = Release;
		};
/* End XCBuildConfiguration section */

/* Begin XCConfigurationList section */
		81B643982EE8D64400E063A3 /* Build configuration list for PBXProject "CmdTabType" */ = {
			isa = XCConfigurationList;
			buildConfigurations = (
				81B643BC2EE8D64500E063A3 /* Debug */,
				81B643BD2EE8D64500E063A3 /* Release */,
			);
			defaultConfigurationIsVisible = 0;
			defaultConfigurationName = Release;
		};
		81B643BE2EE8D64500E063A3 /* Build configuration list for PBXNativeTarget "CmdTabType" */ = {
			isa = XCConfigurationList;
			buildConfigurations = (
				81B643BF2EE8D64500E063A3 /* Debug */,
				81B643C02EE8D64500E063A3 /* Release */,
			);
			defaultConfigurationIsVisible = 0;
			defaultConfigurationName = Release;
		};
		81B643C12EE8D64500E063A3 /* Build configuration list for PBXNativeTarget "CmdTabTypeTests" */ = {
			isa = XCConfigurationList;
			buildConfigurations = (
				81B643C22EE8D64500E063A3 /* Debug */,
				81B643C32EE8D64500E063A3 /* Release */,
			);
			defaultConfigurationIsVisible = 0;
			defaultConfigurationName = Release;
		};
		81B643C42EE8D64500E063A3 /* Build configuration list for PBXNativeTarget "CmdTabTypeUITests" */ = {
			isa = XCConfigurationList;
			buildConfigurations = (
				81B643C52EE8D64500E063A3 /* Debug */,
				81B643C62EE8D64500E063A3 /* Release */,
			);
			defaultConfigurationIsVisible = 0;
			defaultConfigurationName = Release;
		};
/* End XCConfigurationList section */
	};
	rootObject = 81B643952EE8D64400E063A3 /* Project object */;
}
